
Microsoft Visual Studio Solution File, Format Version 12.00
# Visual Studio 15
VisualStudioVersion = 15.0.26114.2
MinimumVisualStudioVersion = 10.0.40219.1
Project("{FAE04EC0-301F-11D3-BF4B-00C04F79EFBC}") = "SharpVoronoiLib", "SharpVoronoiLib\SharpVoronoiLib.csproj", "{16035E62-4183-4D41-9E2F-F1D63EFE00F7}"
EndProject
Project("{FAE04EC0-301F-11D3-BF4B-00C04F79EFBC}") = "UnitTestGenerator", "UnitTestGenerator\UnitTestGenerator.csproj", "{757D930E-8DEF-421C-A044-D2800969E8F3}"
EndProject
Project("{FAE04EC0-301F-11D3-BF4B-00C04F79EFBC}") = "UnitTests", "UnitTests\UnitTests.csproj", "{23557745-3159-4072-B514-4731AAFC6157}"
EndProject
Project("{FAE04EC0-301F-11D3-BF4B-00C04F79EFBC}") = "Benchmarks", "Benchmarks\Benchmarks.csproj", "{4FA0A642-417D-426C-8439-7C85C8B45EAB}"
EndProject
Global
	GlobalSection(SolutionConfigurationPlatforms) = preSolution
		Debug|Any CPU = Debug|Any CPU
		Debug|x64 = Debug|x64
		Debug|x86 = Debug|x86
		Release|Any CPU = Release|Any CPU
		Release|x64 = Release|x64
		Release|x86 = Release|x86
	EndGlobalSection
	GlobalSection(ProjectConfigurationPlatforms) = postSolution
		{16035E62-4183-4D41-9E2F-F1D63EFE00F7}.Debug|Any CPU.ActiveCfg = Debug|Any CPU
		{16035E62-4183-4D41-9E2F-F1D63EFE00F7}.Debug|Any CPU.Build.0 = Debug|Any CPU
		{16035E62-4183-4D41-9E2F-F1D63EFE00F7}.Debug|x64.ActiveCfg = Debug|Any CPU
		{16035E62-4183-4D41-9E2F-F1D63EFE00F7}.Debug|x64.Build.0 = Debug|Any CPU
		{16035E62-4183-4D41-9E2F-F1D63EFE00F7}.Debug|x86.ActiveCfg = Debug|Any CPU
		{16035E62-4183-4D41-9E2F-F1D63EFE00F7}.Debug|x86.Build.0 = Debug|Any CPU
		{16035E62-4183-4D41-9E2F-F1D63EFE00F7}.Release|Any CPU.ActiveCfg = Release|Any CPU
		{16035E62-4183-4D41-9E2F-F1D63EFE00F7}.Release|Any CPU.Build.0 = Release|Any CPU
		{16035E62-4183-4D41-9E2F-F1D63EFE00F7}.Release|x64.ActiveCfg = Release|Any CPU
		{16035E62-4183-4D41-9E2F-F1D63EFE00F7}.Release|x64.Build.0 = Release|Any CPU
		{16035E62-4183-4D41-9E2F-F1D63EFE00F7}.Release|x86.ActiveCfg = Release|Any CPU
		{16035E62-4183-4D41-9E2F-F1D63EFE00F7}.Release|x86.Build.0 = Release|Any CPU
		{757D930E-8DEF-421C-A044-D2800969E8F3}.Debug|Any CPU.ActiveCfg = Debug|Any CPU
		{757D930E-8DEF-421C-A044-D2800969E8F3}.Debug|Any CPU.Build.0 = Debug|Any CPU
		{757D930E-8DEF-421C-A044-D2800969E8F3}.Debug|x64.ActiveCfg = Debug|Any CPU
		{757D930E-8DEF-421C-A044-D2800969E8F3}.Debug|x64.Build.0 = Debug|Any CPU
		{757D930E-8DEF-421C-A044-D2800969E8F3}.Debug|x86.ActiveCfg = Debug|Any CPU
		{757D930E-8DEF-421C-A044-D2800969E8F3}.Debug|x86.Build.0 = Debug|Any CPU
		{757D930E-8DEF-421C-A044-D2800969E8F3}.Release|Any CPU.ActiveCfg = Release|Any CPU
		{757D930E-8DEF-421C-A044-D2800969E8F3}.Release|Any CPU.Build.0 = Release|Any CPU
		{757D930E-8DEF-421C-A044-D2800969E8F3}.Release|x64.ActiveCfg = Release|Any CPU
		{757D930E-8DEF-421C-A044-D2800969E8F3}.Release|x64.Build.0 = Release|Any CPU
		{757D930E-8DEF-421C-A044-D2800969E8F3}.Release|x86.ActiveCfg = Release|Any CPU
		{757D930E-8DEF-421C-A044-D2800969E8F3}.Release|x86.Build.0 = Release|Any CPU
		{23557745-3159-4072-B514-4731AAFC6157}.Debug|Any CPU.ActiveCfg = Debug|Any CPU
		{23557745-3159-4072-B514-4731AAFC6157}.Debug|Any CPU.Build.0 = Debug|Any CPU
		{23557745-3159-4072-B514-4731AAFC6157}.Debug|x64.ActiveCfg = Debug|Any CPU
		{23557745-3159-4072-B514-4731AAFC6157}.Debug|x64.Build.0 = Debug|Any CPU
		{23557745-3159-4072-B514-4731AAFC6157}.Debug|x86.ActiveCfg = Debug|Any CPU
		{23557745-3159-4072-B514-4731AAFC6157}.Debug|x86.Build.0 = Debug|Any CPU
		{23557745-3159-4072-B514-4731AAFC6157}.Release|Any CPU.ActiveCfg = Release|Any CPU
		{23557745-3159-4072-B514-4731AAFC6157}.Release|Any CPU.Build.0 = Release|Any CPU
		{23557745-3159-4072-B514-4731AAFC6157}.Release|x64.ActiveCfg = Release|Any CPU
		{23557745-3159-4072-B514-4731AAFC6157}.Release|x64.Build.0 = Release|Any CPU
		{23557745-3159-4072-B514-4731AAFC6157}.Release|x86.ActiveCfg = Release|Any CPU
		{23557745-3159-4072-B514-4731AAFC6157}.Release|x86.Build.0 = Release|Any CPU
		{4FA0A642-417D-426C-8439-7C85C8B45EAB}.Debug|Any CPU.ActiveCfg = Debug|Any CPU
		{4FA0A642-417D-426C-8439-7C85C8B45EAB}.Debug|Any CPU.Build.0 = Debug|Any CPU
		{4FA0A642-417D-426C-8439-7C85C8B45EAB}.Debug|x64.ActiveCfg = Debug|Any CPU
		{4FA0A642-417D-426C-8439-7C85C8B45EAB}.Debug|x64.Build.0 = Debug|Any CPU
		{4FA0A642-417D-426C-8439-7C85C8B45EAB}.Debug|x86.ActiveCfg = Debug|Any CPU
		{4FA0A642-417D-426C-8439-7C85C8B45EAB}.Debug|x86.Build.0 = Debug|Any CPU
		{4FA0A642-417D-426C-8439-7C85C8B45EAB}.Release|Any CPU.ActiveCfg = Release|Any CPU
		{4FA0A642-417D-426C-8439-7C85C8B45EAB}.Release|Any CPU.Build.0 = Release|Any CPU
		{4FA0A642-417D-426C-8439-7C85C8B45EAB}.Release|x64.ActiveCfg = Release|Any CPU
		{4FA0A642-417D-426C-8439-7C85C8B45EAB}.Release|x64.Build.0 = Release|Any CPU
		{4FA0A642-417D-426C-8439-7C85C8B45EAB}.Release|x86.ActiveCfg = Release|Any CPU
		{4FA0A642-417D-426C-8439-7C85C8B45EAB}.Release|x86.Build.0 = Release|Any CPU
	EndGlobalSection
	GlobalSection(SolutionProperties) = preSolution
		HideSolutionNode = FALSE
	EndGlobalSection
EndGlobal
